
Microsoft Visual Studio Solution File, Format Version 12.00
# Visual Studio Version 17
VisualStudioVersion = 17.3.32929.385
MinimumVisualStudioVersion = 10.0.40219.1
Project("{FAE04EC0-301F-11D3-BF4B-00C04F79EFBC}") = "vvs zad1", "vvs zad1.csproj", "{27C79F74-1C87-4239-9248-6B814E35E9A1}"
EndProject
Global
	GlobalSection(SolutionConfigurationPlatforms) = preSolution
		Debug|Any CPU = Debug|Any CPU
		Release|Any CPU = Release|Any CPU
	EndGlobalSection
	GlobalSection(ProjectConfigurationPlatforms) = postSolution
		{27C79F74-1C87-4239-9248-6B814E35E9A1}.Debug|Any CPU.ActiveCfg = Debug|Any CPU
		{27C79F74-1C87-4239-9248-6B814E35E9A1}.Debug|Any CPU.Build.0 = Debug|Any CPU
		{27C79F74-1C87-4239-9248-6B814E35E9A1}.Release|Any CPU.ActiveCfg = Release|Any CPU
		{27C79F74-1C87-4239-9248-6B814E35E9A1}.Release|Any CPU.Build.0 = Release|Any CPU
	EndGlobalSection
	GlobalSection(SolutionProperties) = preSolution
		HideSolutionNode = FALSE
	EndGlobalSection
	GlobalSection(ExtensibilityGlobals) = postSolution
		SolutionGuid = {EC84E3E2-74C1-47C1-8C79-E67D166BC004}
	EndGlobalSection
EndGlobal
